
Microsoft Visual Studio Solution File, Format Version 12.00
# Visual Studio Version 17
VisualStudioVersion = 17.1.32210.238
MinimumVisualStudioVersion = 10.0.40219.1
Project("{FAE04EC0-301F-11D3-BF4B-00C04F79EFBC}") = "DapperCRUDExam3", "DapperCRUDExam3\DapperCRUDExam3.csproj", "{80307DA6-5F1A-4711-97B6-EE2D207CCDDF}"
EndProject
Global
	GlobalSection(SolutionConfigurationPlatforms) = preSolution
		Debug|Any CPU = Debug|Any CPU
		Release|Any CPU = Release|Any CPU
	EndGlobalSection
	GlobalSection(ProjectConfigurationPlatforms) = postSolution
		{80307DA6-5F1A-4711-97B6-EE2D207CCDDF}.Debug|Any CPU.ActiveCfg = Debug|Any CPU
		{80307DA6-5F1A-4711-97B6-EE2D207CCDDF}.Debug|Any CPU.Build.0 = Debug|Any CPU
		{80307DA6-5F1A-4711-97B6-EE2D207CCDDF}.Release|Any CPU.ActiveCfg = Release|Any CPU
		{80307DA6-5F1A-4711-97B6-EE2D207CCDDF}.Release|Any CPU.Build.0 = Release|Any CPU
	EndGlobalSection
	GlobalSection(SolutionProperties) = preSolution
		HideSolutionNode = FALSE
	EndGlobalSection
	GlobalSection(ExtensibilityGlobals) = postSolution
		SolutionGuid = {BD89889A-7A2E-44D2-8D7A-93C6678B8B15}
	EndGlobalSection
EndGlobal
